{
  "name": "mcp-provisioner",
  "lockfileVersion": 3,
  "requires": true,
  "packages": {
    "": {
      "name": "mcp-provisioner",
      "dependencies": {
        "@mp4marketing/mcp-provisioning": "^0.1.0"
      }
    },
    "node_modules/@mp4marketing/mcp-provisioning": {
      "version": "0.1.0",
      "resolved": "https://npm.pkg.github.com/download/@mp4marketing/mcp-provisioning/0.1.0/2e6cc858af8cc35c831e2d7854d8165d586e4a92",
      "integrity": "sha512-PFN9YljwTHudTILuvteQK2XkUcIa7kUntQzUVmIMgJh/sLTSd069Gg4JeT/1Krc1zs4g5I3V6mro/QtIMuVDeA==",
      "license": "UNLICENSED"
    }
  }
}
